
Microsoft Visual Studio Solution File, Format Version 12.00
# Visual Studio 14
VisualStudioVersion = 14.0.23107.0
MinimumVisualStudioVersion = 10.0.40219.1
Project("{FAE04EC0-301F-11D3-BF4B-00C04F79EFBC}") = "HomePatrol", "HomePatrol\HomePatrol.csproj", "{4C32D6DE-9860-4605-916F-7CA1227F6043}"
EndProject
Project("{FAE04EC0-301F-11D3-BF4B-00C04F79EFBC}") = "Monitor", "Monitor\Monitor.csproj", "{64D0A4E0-8E65-437A-950A-15C8F40F679B}"
EndProject
Global
	GlobalSection(SolutionConfigurationPlatforms) = preSolution
		Debug|Any CPU = Debug|Any CPU
		Release|Any CPU = Release|Any CPU
	EndGlobalSection
	GlobalSection(ProjectConfigurationPlatforms) = postSolution
		{4C32D6DE-9860-4605-916F-7CA1227F6043}.Debug|Any CPU.ActiveCfg = Debug|Any CPU
		{4C32D6DE-9860-4605-916F-7CA1227F6043}.Debug|Any CPU.Build.0 = Debug|Any CPU
		{4C32D6DE-9860-4605-916F-7CA1227F6043}.Release|Any CPU.ActiveCfg = Release|Any CPU
		{4C32D6DE-9860-4605-916F-7CA1227F6043}.Release|Any CPU.Build.0 = Release|Any CPU
		{64D0A4E0-8E65-437A-950A-15C8F40F679B}.Debug|Any CPU.ActiveCfg = Debug|Any CPU
		{64D0A4E0-8E65-437A-950A-15C8F40F679B}.Debug|Any CPU.Build.0 = Debug|Any CPU
		{64D0A4E0-8E65-437A-950A-15C8F40F679B}.Release|Any CPU.ActiveCfg = Release|Any CPU
		{64D0A4E0-8E65-437A-950A-15C8F40F679B}.Release|Any CPU.Build.0 = Release|Any CPU
	EndGlobalSection
	GlobalSection(SolutionProperties) = preSolution
		HideSolutionNode = FALSE
	EndGlobalSection
EndGlobal
